{
  "version": 4,
  "terraform_version": "1.12.2",
  "serial": 7,
  "lineage": "c1a8415e-bb66-5189-087a-99bd9312473c",
  "outputs": {},
  "resources": [
    {
      "mode": "data",
      "type": "exoscale_template",
      "name": "vm1_template",
      "provider": "provider[\"registry.terraform.io/exoscale/exoscale\"]",
      "instances": [
        {
          "schema_version": 0,
          "attributes": {
            "default_user": "ubuntu",
            "id": "d3c1f5d7-a194-4098-b3d9-17dbd04ad9a3",
            "name": "Linux Ubuntu 22.04 LTS 64-bit",
            "visibility": "public",
            "zone": "bg-sof-1"
          },
          "sensitive_attributes": [],
          "identity_schema_version": 0
        }
      ]
    },
    {
      "mode": "managed",
      "type": "exoscale_compute_instance",
      "name": "vm1_isntance",
      "provider": "provider[\"registry.terraform.io/exoscale/exoscale\"]",
      "instances": [
        {
          "schema_version": 0,
          "attributes": {
            "anti_affinity_group_ids": null,
            "block_storage_volume_ids": null,
            "created_at": "2025-07-05 21:10:15 +0000 UTC",
            "deploy_target_id": "",
            "destroy_protected": null,
            "disk_size": 10,
            "elastic_ip_ids": null,
            "id": "480025f6-3118-4ac8-9cd8-7e4dd19c826a",
            "ipv6": false,
            "ipv6_address": null,
            "labels": null,
            "mac_address": "06:10:da:00:01:6e",
            "name": "vm1",
            "network_interface": [
              {
                "ip_address": "192.168.0.25",
                "mac_address": "0a:b8:5a:2d:45:da",
                "network_id": "55effacf-1288-453c-affc-742e4cad87f8"
              }
            ],
            "private": false,
            "private_network_ids": [
              "55effacf-1288-453c-affc-742e4cad87f8"
            ],
            "public_ip_address": "194.182.177.160",
            "reverse_dns": "",
            "security_group_ids": [
              "1f813be9-2ae8-459d-9796-16175fc85e1b"
            ],
            "ssh_key": null,
            "ssh_keys": [
              "tony-keys"
            ],
            "state": "running",
            "template_id": "d3c1f5d7-a194-4098-b3d9-17dbd04ad9a3",
            "timeouts": null,
            "type": "standard.micro",
            "user_data": null,
            "zone": "bg-sof-1"
          },
          "sensitive_attributes": [],
          "identity_schema_version": 0,
          "private": "eyJlMmJmYjczMC1lY2FhLTExZTYtOGY4OC0zNDM2M2JjN2M0YzAiOnsiY3JlYXRlIjozNjAwMDAwMDAwMDAwLCJkZWxldGUiOjM2MDAwMDAwMDAwMDAsInJlYWQiOjM2MDAwMDAwMDAwMDAsInVwZGF0ZSI6MzYwMDAwMDAwMDAwMH19",
          "dependencies": [
            "data.exoscale_template.vm1_template"
          ]
        }
      ]
    },
    {
      "mode": "managed",
      "type": "exoscale_compute_instance",
      "name": "vm2_isntance",
      "provider": "provider[\"registry.terraform.io/exoscale/exoscale\"]",
      "instances": [
        {
          "schema_version": 0,
          "attributes": {
            "anti_affinity_group_ids": null,
            "block_storage_volume_ids": null,
            "created_at": "2025-07-05 21:10:15 +0000 UTC",
            "deploy_target_id": "",
            "destroy_protected": null,
            "disk_size": 10,
            "elastic_ip_ids": null,
            "id": "ac49912e-6682-4157-b5d9-e045ff8e7607",
            "ipv6": false,
            "ipv6_address": null,
            "labels": null,
            "mac_address": "06:93:92:00:00:ac",
            "name": "vm2",
            "network_interface": [
              {
                "ip_address": "192.168.0.104",
                "mac_address": "0a:17:80:2d:45:d9",
                "network_id": "55effacf-1288-453c-affc-742e4cad87f8"
              }
            ],
            "private": false,
            "private_network_ids": [
              "55effacf-1288-453c-affc-742e4cad87f8"
            ],
            "public_ip_address": "194.182.176.222",
            "reverse_dns": "",
            "security_group_ids": [
              "1f813be9-2ae8-459d-9796-16175fc85e1b"
            ],
            "ssh_key": null,
            "ssh_keys": [
              "tony-keys"
            ],
            "state": "running",
            "template_id": "d3c1f5d7-a194-4098-b3d9-17dbd04ad9a3",
            "timeouts": null,
            "type": "standard.micro",
            "user_data": null,
            "zone": "bg-sof-1"
          },
          "sensitive_attributes": [],
          "identity_schema_version": 0,
          "private": "eyJlMmJmYjczMC1lY2FhLTExZTYtOGY4OC0zNDM2M2JjN2M0YzAiOnsiY3JlYXRlIjozNjAwMDAwMDAwMDAwLCJkZWxldGUiOjM2MDAwMDAwMDAwMDAsInJlYWQiOjM2MDAwMDAwMDAwMDAsInVwZGF0ZSI6MzYwMDAwMDAwMDAwMH19",
          "dependencies": [
            "data.exoscale_template.vm1_template"
          ]
        }
      ]
    }
  ],
  "check_results": null
}
